
Microsoft Visual Studio Solution File, Format Version 12.00
# Visual Studio Version 17
VisualStudioVersion = 17.4.33205.214
MinimumVisualStudioVersion = 10.0.40219.1
Project("{FAE04EC0-301F-11D3-BF4B-00C04F79EFBC}") = "Result32", "Result32\Result32.csproj", "{DC188991-7DA7-40DF-8EF7-48C6E1C93B5B}"
EndProject
Global
	GlobalSection(SolutionConfigurationPlatforms) = preSolution
		Debug|Any CPU = Debug|Any CPU
		Release|Any CPU = Release|Any CPU
	EndGlobalSection
	GlobalSection(ProjectConfigurationPlatforms) = postSolution
		{DC188991-7DA7-40DF-8EF7-48C6E1C93B5B}.Debug|Any CPU.ActiveCfg = Debug|Any CPU
		{DC188991-7DA7-40DF-8EF7-48C6E1C93B5B}.Debug|Any CPU.Build.0 = Debug|Any CPU
		{DC188991-7DA7-40DF-8EF7-48C6E1C93B5B}.Release|Any CPU.ActiveCfg = Release|Any CPU
		{DC188991-7DA7-40DF-8EF7-48C6E1C93B5B}.Release|Any CPU.Build.0 = Release|Any CPU
	EndGlobalSection
	GlobalSection(SolutionProperties) = preSolution
		HideSolutionNode = FALSE
	EndGlobalSection
	GlobalSection(ExtensibilityGlobals) = postSolution
		SolutionGuid = {AED481C3-9331-478B-9F81-E4B2942A2362}
	EndGlobalSection
EndGlobal
